// !$*UTF8*$!
{
	archiveVersion = 1;
	classes = {
	};
	objectVersion = 46;
	objects = {

/* Begin PBXBuildFile section */
		C7CD3F61156C4B2500AD63D3 /* UIKit.framework in Frameworks */ = {isa = PBXBuildFile; fileRef = C7CD3F60156C4B2500AD63D3 /* UIKit.framework */; };
		C7CD3F63156C4B2500AD63D3 /* Foundation.framework in Frameworks */ = {isa = PBXBuildFile; fileRef = C7CD3F62156C4B2500AD63D3 /* Foundation.framework */; };
		C7CD3F65156C4B2500AD63D3 /* CoreGraphics.framework in Frameworks */ = {isa = PBXBuildFile; fileRef = C7CD3F64156C4B2500AD63D3 /* CoreGraphics.framework */; };
		C7CD3F6B156C4B2500AD63D3 /* InfoPlist.strings in Resources */ = {isa = PBXBuildFile; fileRef = C7CD3F69156C4B2500AD63D3 /* InfoPlist.strings */; };
		C7CD3F6D156C4B2500AD63D3 /* main.m in Sources */ = {isa = PBXBuildFile; fileRef = C7CD3F6C156C4B2500AD63D3 /* main.m */; };
		C7CD3F71156C4B2500AD63D3 /* AppDelegate.m in Sources */ = {isa = PBXBuildFile; fileRef = C7CD3F70156C4B2500AD63D3 /* AppDelegate.m */; };
		C7CD3F78156C4B4800AD63D3 /* QuartzCore.framework in Frameworks */ = {isa = PBXBuildFile; fileRef = C7CD3F77156C4B4800AD63D3 /* QuartzCore.framework */; };
		C7CD3F7B156C4C0600AD63D3 /* KHFoldView.m in Sources */ = {isa = PBXBuildFile; fileRef = C7CD3F7A156C4C0600AD63D3 /* KHFoldView.m */; };
		C7CD3F7D156C639B00AD63D3 /* screenshot.png in Resources */ = {isa = PBXBuildFile; fileRef = C7CD3F7C156C639B00AD63D3 /* screenshot.png */; };
/* End PBXBuildFile section */

/* Begin PBXFileReference section */
		C7CD3F5C156C4B2500AD63D3 /* Fold2Unlock.app */ = {isa = PBXFileReference; explicitFileType = wrapper.application; includeInIndex = 0; path = Fold2Unlock.app; sourceTree = BUILT_PRODUCTS_DIR; };
		C7CD3F60156C4B2500AD63D3 /* UIKit.framework */ = {isa = PBXFileReference; lastKnownFileType = wrapper.framework; name = UIKit.framework; path = System/Library/Frameworks/UIKit.framework; sourceTree = SDKROOT; };
		C7CD3F62156C4B2500AD63D3 /* Foundation.framework */ = {isa = PBXFileReference; lastKnownFileType = wrapper.framework; name = Foundation.framework; path = System/Library/Frameworks/Foundation.framework; sourceTree = SDKROOT; };
		C7CD3F64156C4B2500AD63D3 /* CoreGraphics.framework */ = {isa = PBXFileReference; lastKnownFileType = wrapper.framework; name = CoreGraphics.framework; path = System/Library/Frameworks/CoreGraphics.framework; sourceTree = SDKROOT; };
		C7CD3F68156C4B2500AD63D3 /* Fold2Unlock-Info.plist */ = {isa = PBXFileReference; lastKnownFileType = text.plist.xml; path = "Fold2Unlock-Info.plist"; sourceTree = "<group>"; };
		C7CD3F6A156C4B2500AD63D3 /* en */ = {isa = PBXFileReference; lastKnownFileType = text.plist.strings; name = en; path = en.lproj/InfoPlist.strings; sourceTree = "<group>"; };
		C7CD3F6C156C4B2500AD63D3 /* main.m */ = {isa = PBXFileReference; lastKnownFileType = sourcecode.c.objc; path = main.m; sourceTree = "<group>"; };
		C7CD3F6E156C4B2500AD63D3 /* Fold2Unlock-Prefix.pch */ = {isa = PBXFileReference; lastKnownFileType = sourcecode.c.h; path = "Fold2Unlock-Prefix.pch"; sourceTree = "<group>"; };
		C7CD3F6F156C4B2500AD63D3 /* AppDelegate.h */ = {isa = PBXFileReference; lastKnownFileType = sourcecode.c.h; path = AppDelegate.h; sourceTree = "<group>"; };
		C7CD3F70156C4B2500AD63D3 /* AppDelegate.m */ = {isa = PBXFileReference; lastKnownFileType = sourcecode.c.objc; path = AppDelegate.m; sourceTree = "<group>"; };
		C7CD3F77156C4B4800AD63D3 /* QuartzCore.framework */ = {isa = PBXFileReference; lastKnownFileType = wrapper.framework; name = QuartzCore.framework; path = System/Library/Frameworks/QuartzCore.framework; sourceTree = SDKROOT; };
		C7CD3F79156C4C0600AD63D3 /* KHFoldView.h */ = {isa = PBXFileReference; fileEncoding = 4; lastKnownFileType = sourcecode.c.h; path = KHFoldView.h; sourceTree = "<group>"; };
		C7CD3F7A156C4C0600AD63D3 /* KHFoldView.m */ = {isa = PBXFileReference; fileEncoding = 4; lastKnownFileType = sourcecode.c.objc; path = KHFoldView.m; sourceTree = "<group>"; };
		C7CD3F7C156C639B00AD63D3 /* screenshot.png */ = {isa = PBXFileReference; lastKnownFileType = image.png; path = screenshot.png; sourceTree = "<group>"; };
/* End PBXFileReference section */

/* Begin PBXFrameworksBuildPhase section */
		C7CD3F59156C4B2400AD63D3 /* Frameworks */ = {
			isa = PBXFrameworksBuildPhase;
			buildActionMask = 2147483647;
			files = (
				C7CD3F78156C4B4800AD63D3 /* QuartzCore.framework in Frameworks */,
				C7CD3F61156C4B2500AD63D3 /* UIKit.framework in Frameworks */,
				C7CD3F63156C4B2500AD63D3 /* Foundation.framework in Frameworks */,
				C7CD3F65156C4B2500AD63D3 /* CoreGraphics.framework in Frameworks */,
			);
			runOnlyForDeploymentPostprocessing = 0;
		};
/* End PBXFrameworksBuildPhase section */

/* Begin PBXGroup section */
		C7CD3F51156C4B2400AD63D3 = {
			isa = PBXGroup;
			children = (
				C7CD3F66156C4B2500AD63D3 /* Fold2Unlock */,
				C7CD3F5F156C4B2500AD63D3 /* Frameworks */,
				C7CD3F5D156C4B2500AD63D3 /* Products */,
			);
			sourceTree = "<group>";
		};
		C7CD3F5D156C4B2500AD63D3 /* Products */ = {
			isa = PBXGroup;
			children = (
				C7CD3F5C156C4B2500AD63D3 /* Fold2Unlock.app */,
			);
			name = Products;
			sourceTree = "<group>";
		};
		C7CD3F5F156C4B2500AD63D3 /* Frameworks */ = {
			isa = PBXGroup;
			children = (
				C7CD3F77156C4B4800AD63D3 /* QuartzCore.framework */,
				C7CD3F60156C4B2500AD63D3 /* UIKit.framework */,
				C7CD3F62156C4B2500AD63D3 /* Foundation.framework */,
				C7CD3F64156C4B2500AD63D3 /* CoreGraphics.framework */,
			);
			name = Frameworks;
			sourceTree = "<group>";
		};
		C7CD3F66156C4B2500AD63D3 /* Fold2Unlock */ = {
			isa = PBXGroup;
			children = (
				C7CD3F6F156C4B2500AD63D3 /* AppDelegate.h */,
				C7CD3F70156C4B2500AD63D3 /* AppDelegate.m */,
				C7CD3F79156C4C0600AD63D3 /* KHFoldView.h */,
				C7CD3F7A156C4C0600AD63D3 /* KHFoldView.m */,
				C7CD3F67156C4B2500AD63D3 /* Supporting Files */,
			);
			path = Fold2Unlock;
			sourceTree = "<group>";
		};
		C7CD3F67156C4B2500AD63D3 /* Supporting Files */ = {
			isa = PBXGroup;
			children = (
				C7CD3F7C156C639B00AD63D3 /* screenshot.png */,
				C7CD3F68156C4B2500AD63D3 /* Fold2Unlock-Info.plist */,
				C7CD3F69156C4B2500AD63D3 /* InfoPlist.strings */,
				C7CD3F6C156C4B2500AD63D3 /* main.m */,
				C7CD3F6E156C4B2500AD63D3 /* Fold2Unlock-Prefix.pch */,
			);
			name = "Supporting Files";
			sourceTree = "<group>";
		};
/* End PBXGroup section */

/* Begin PBXNativeTarget section */
		C7CD3F5B156C4B2400AD63D3 /* Fold2Unlock */ = {
			isa = PBXNativeTarget;
			buildConfigurationList = C7CD3F74156C4B2500AD63D3 /* Build configuration list for PBXNativeTarget "Fold2Unlock" */;
			buildPhases = (
				C7CD3F58156C4B2400AD63D3 /* Sources */,
				C7CD3F59156C4B2400AD63D3 /* Frameworks */,
				C7CD3F5A156C4B2400AD63D3 /* Resources */,
			);
			buildRules = (
			);
			dependencies = (
			);
			name = Fold2Unlock;
			productName = Fold2Unlock;
			productReference = C7CD3F5C156C4B2500AD63D3 /* Fold2Unlock.app */;
			productType = "com.apple.product-type.application";
		};
/* End PBXNativeTarget section */

/* Begin PBXProject section */
		C7CD3F53156C4B2400AD63D3 /* Project object */ = {
			isa = PBXProject;
			attributes = {
				LastUpgradeCheck = 0420;
			};
			buildConfigurationList = C7CD3F56156C4B2400AD63D3 /* Build configuration list for PBXProject "Fold2Unlock" */;
			compatibilityVersion = "Xcode 3.2";
			developmentRegion = English;
			hasScannedForEncodings = 0;
			knownRegions = (
				en,
			);
			mainGroup = C7CD3F51156C4B2400AD63D3;
			productRefGroup = C7CD3F5D156C4B2500AD63D3 /* Products */;
			projectDirPath = "";
			projectRoot = "";
			targets = (
				C7CD3F5B156C4B2400AD63D3 /* Fold2Unlock */,
			);
		};
/* End PBXProject section */

/* Begin PBXResourcesBuildPhase section */
		C7CD3F5A156C4B2400AD63D3 /* Resources */ = {
			isa = PBXResourcesBuildPhase;
			buildActionMask = 2147483647;
			files = (
				C7CD3F6B156C4B2500AD63D3 /* InfoPlist.strings in Resources */,
				C7CD3F7D156C639B00AD63D3 /* screenshot.png in Resources */,
			);
			runOnlyForDeploymentPostprocessing = 0;
		};
/* End PBXResourcesBuildPhase section */

/* Begin PBXSourcesBuildPhase section */
		C7CD3F58156C4B2400AD63D3 /* Sources */ = {
			isa = PBXSourcesBuildPhase;
			buildActionMask = 2147483647;
			files = (
				C7CD3F6D156C4B2500AD63D3 /* main.m in Sources */,
				C7CD3F71156C4B2500AD63D3 /* AppDelegate.m in Sources */,
				C7CD3F7B156C4C0600AD63D3 /* KHFoldView.m in Sources */,
			);
			runOnlyForDeploymentPostprocessing = 0;
		};
/* End PBXSourcesBuildPhase section */

/* Begin PBXVariantGroup section */
		C7CD3F69156C4B2500AD63D3 /* InfoPlist.strings */ = {
			isa = PBXVariantGroup;
			children = (
				C7CD3F6A156C4B2500AD63D3 /* en */,
			);
			name = InfoPlist.strings;
			sourceTree = "<group>";
		};
/* End PBXVariantGroup section */

/* Begin XCBuildConfiguration section */
		C7CD3F72156C4B2500AD63D3 /* Debug */ = {
			isa = XCBuildConfiguration;
			buildSettings = {
				ALWAYS_SEARCH_USER_PATHS = NO;
				ARCHS = "$(ARCHS_STANDARD_32_BIT)";
				"CODE_SIGN_IDENTITY[sdk=iphoneos*]" = "iPhone Developer";
				COPY_PHASE_STRIP = NO;
				GCC_C_LANGUAGE_STANDARD = gnu99;
				GCC_DYNAMIC_NO_PIC = NO;
				GCC_OPTIMIZATION_LEVEL = 0;
				GCC_PREPROCESSOR_DEFINITIONS = (
					"DEBUG=1",
					"$(inherited)",
				);
				GCC_SYMBOLS_PRIVATE_EXTERN = NO;
				GCC_VERSION = com.apple.compilers.llvm.clang.1_0;
				GCC_WARN_ABOUT_MISSING_PROTOTYPES = YES;
				GCC_WARN_ABOUT_RETURN_TYPE = YES;
				GCC_WARN_UNUSED_VARIABLE = YES;
				IPHONEOS_DEPLOYMENT_TARGET = 5.0;
				SDKROOT = iphoneos;
			};
			name = Debug;
		};
		C7CD3F73156C4B2500AD63D3 /* Release */ = {
			isa = XCBuildConfiguration;
			buildSettings = {
				ALWAYS_SEARCH_USER_PATHS = NO;
				ARCHS = "$(ARCHS_STANDARD_32_BIT)";
				"CODE_SIGN_IDENTITY[sdk=iphoneos*]" = "iPhone Developer";
				COPY_PHASE_STRIP = YES;
				GCC_C_LANGUAGE_STANDARD = gnu99;
				GCC_VERSION = com.apple.compilers.llvm.clang.1_0;
				GCC_WARN_ABOUT_MISSING_PROTOTYPES = YES;
				GCC_WARN_ABOUT_RETURN_TYPE = YES;
				GCC_WARN_UNUSED_VARIABLE = YES;
				IPHONEOS_DEPLOYMENT_TARGET = 5.0;
				OTHER_CFLAGS = "-DNS_BLOCK_ASSERTIONS=1";
				SDKROOT = iphoneos;
				VALIDATE_PRODUCT = YES;
			};
			name = Release;
		};
		C7CD3F75156C4B2500AD63D3 /* Debug */ = {
			isa = XCBuildConfiguration;
			buildSettings = {
				GCC_PRECOMPILE_PREFIX_HEADER = YES;
				GCC_PREFIX_HEADER = "Fold2Unlock/Fold2Unlock-Prefix.pch";
				INFOPLIST_FILE = "Fold2Unlock/Fold2Unlock-Info.plist";
				IPHONEOS_DEPLOYMENT_TARGET = 5.0;
				PRODUCT_NAME = "$(TARGET_NAME)";
				TARGETED_DEVICE_FAMILY = "1,2";
				WRAPPER_EXTENSION = app;
			};
			name = Debug;
		};
		C7CD3F76156C4B2500AD63D3 /* Release */ = {
			isa = XCBuildConfiguration;
			buildSettings = {
				GCC_PRECOMPILE_PREFIX_HEADER = YES;
				GCC_PREFIX_HEADER = "Fold2Unlock/Fold2Unlock-Prefix.pch";
				INFOPLIST_FILE = "Fold2Unlock/Fold2Unlock-Info.plist";
				IPHONEOS_DEPLOYMENT_TARGET = 5.0;
				PRODUCT_NAME = "$(TARGET_NAME)";
				TARGETED_DEVICE_FAMILY = "1,2";
				WRAPPER_EXTENSION = app;
			};
			name = Release;
		};
/* End XCBuildConfiguration section */

/* Begin XCConfigurationList section */
		C7CD3F56156C4B2400AD63D3 /* Build configuration list for PBXProject "Fold2Unlock" */ = {
			isa = XCConfigurationList;
			buildConfigurations = (
				C7CD3F72156C4B2500AD63D3 /* Debug */,
				C7CD3F73156C4B2500AD63D3 /* Release */,
			);
			defaultConfigurationIsVisible = 0;
			defaultConfigurationName = Release;
		};
		C7CD3F74156C4B2500AD63D3 /* Build configuration list for PBXNativeTarget "Fold2Unlock" */ = {
			isa = XCConfigurationList;
			buildConfigurations = (
				C7CD3F75156C4B2500AD63D3 /* Debug */,
				C7CD3F76156C4B2500AD63D3 /* Release */,
			);
			defaultConfigurationIsVisible = 0;
			defaultConfigurationName = Release;
		};
/* End XCConfigurationList section */
	};
	rootObject = C7CD3F53156C4B2400AD63D3 /* Project object */;
}
